
Microsoft Visual Studio Solution File, Format Version 12.00
# Visual Studio Version 16
VisualStudioVersion = 16.0.29806.167
MinimumVisualStudioVersion = 10.0.40219.1
Project("{888888A0-9F3D-457C-B088-3A5042F75D52}") = "netcat", "netcat\netcat.pyproj", "{B7D3FFF0-5C83-45F4-B95F-EB77C8076E26}"
EndProject
Global
	GlobalSection(SolutionConfigurationPlatforms) = preSolution
		Debug|Any CPU = Debug|Any CPU
		Release|Any CPU = Release|Any CPU
	EndGlobalSection
	GlobalSection(ProjectConfigurationPlatforms) = postSolution
		{B7D3FFF0-5C83-45F4-B95F-EB77C8076E26}.Debug|Any CPU.ActiveCfg = Debug|Any CPU
		{B7D3FFF0-5C83-45F4-B95F-EB77C8076E26}.Release|Any CPU.ActiveCfg = Release|Any CPU
	EndGlobalSection
	GlobalSection(SolutionProperties) = preSolution
		HideSolutionNode = FALSE
	EndGlobalSection
	GlobalSection(ExtensibilityGlobals) = postSolution
		SolutionGuid = {5A5E2FAC-0307-4230-94F5-95DA21FBEDE8}
	EndGlobalSection
EndGlobal
